
Microsoft Visual Studio Solution File, Format Version 12.00
# Visual Studio 15
VisualStudioVersion = 15.0.28307.102
MinimumVisualStudioVersion = 10.0.40219.1
Project("{FAE04EC0-301F-11D3-BF4B-00C04F79EFBC}") = "csharp_test_clinet", "csharp_test_clinet\csharp_test_clinet.csproj", "{BAC8B918-9E9A-4F0D-8A90-3EDDCBF7200D}"
EndProject
Global
	GlobalSection(SolutionConfigurationPlatforms) = preSolution
		Debug|Any CPU = Debug|Any CPU
		Release|Any CPU = Release|Any CPU
	EndGlobalSection
	GlobalSection(ProjectConfigurationPlatforms) = postSolution
		{BAC8B918-9E9A-4F0D-8A90-3EDDCBF7200D}.Debug|Any CPU.ActiveCfg = Debug|Any CPU
		{BAC8B918-9E9A-4F0D-8A90-3EDDCBF7200D}.Debug|Any CPU.Build.0 = Debug|Any CPU
		{BAC8B918-9E9A-4F0D-8A90-3EDDCBF7200D}.Release|Any CPU.ActiveCfg = Release|Any CPU
		{BAC8B918-9E9A-4F0D-8A90-3EDDCBF7200D}.Release|Any CPU.Build.0 = Release|Any CPU
	EndGlobalSection
	GlobalSection(SolutionProperties) = preSolution
		HideSolutionNode = FALSE
	EndGlobalSection
	GlobalSection(ExtensibilityGlobals) = postSolution
		SolutionGuid = {33D3809F-EB02-4C90-8C51-3B85BB991039}
	EndGlobalSection
EndGlobal
